{
    "_readme": [
        "This file locks the dependencies of your project to a known state",
        "Read more about it at https://getcomposer.org/doc/01-basic-usage.md#installing-dependencies",
        "This file is @generated automatically"
    ],
    "content-hash": "1c3bbdfcdd9bcd30704b2ce06df28eb6",
    "packages": [
        {
            "name": "psr/http-message",
            "version": "1.0.1",
            "source": {
                "type": "git",
                "url": "https://github.com/php-fig/http-message.git",
                "reference": "f6561bf28d520154e4b0ec72be95418abe6d9363"
            },
            "dist": {
                "type": "zip",
                "url": "https://api.github.com/repos/php-fig/http-message/zipball/f6561bf28d520154e4b0ec72be95418abe6d9363",
                "reference": "f6561bf28d520154e4b0ec72be95418abe6d9363",
                "shasum": "",
                "mirrors": [
                    {
                        "url": "https://mirrors.aliyun.com/composer/dists/%package%/%reference%.%type%",
                        "preferred": true
                    }
                ]
            },
            "require": {
                "php": ">=5.3.0"
            },
            "type": "library",
            "extra": {
                "branch-alias": {
                    "dev-master": "1.0.x-dev"
                }
            },
            "autoload": {
                "psr-4": {
                    "Psr\\Http\\Message\\": "src/"
                }
            },
            "notification-url": "https://packagist.org/downloads/",
            "license": [
                "MIT"
            ],
            "authors": [
                {
                    "name": "PHP-FIG",
                    "homepage": "http://www.php-fig.org/"
                }
            ],
            "description": "Common interface for HTTP messages",
            "homepage": "https://github.com/php-fig/http-message",
            "keywords": [
                "http",
                "http-message",
                "psr",
                "psr-7",
                "request",
                "response"
            ],
            "support": {
                "source": "https://github.com/php-fig/http-message/tree/master"
            },
            "time": "2016-08-06T14:39:51+00:00"
        },
        {
            "name": "workerman/channel",
            "version": "v1.1.0",
            "source": {
                "type": "git",
                "url": "https://github.com/walkor/channel.git",
                "reference": "3df772d0d20d4cebfcfd621c33d1a1ab732db523"
            },
            "dist": {
                "type": "zip",
                "url": "https://api.github.com/repos/walkor/channel/zipball/3df772d0d20d4cebfcfd621c33d1a1ab732db523",
                "reference": "3df772d0d20d4cebfcfd621c33d1a1ab732db523",
                "shasum": "",
                "mirrors": [
                    {
                        "url": "https://mirrors.aliyun.com/composer/dists/%package%/%reference%.%type%",
                        "preferred": true
                    }
                ]
            },
            "require": {
                "workerman/workerman": ">=4.0.12"
            },
            "type": "library",
            "autoload": {
                "psr-4": {
                    "Channel\\": "./src"
                }
            },
            "notification-url": "https://packagist.org/downloads/",
            "license": [
                "MIT"
            ],
            "homepage": "http://www.workerman.net",
            "support": {
                "issues": "https://github.com/walkor/channel/issues",
                "source": "https://github.com/walkor/channel/tree/v1.1.0"
            },
            "time": "2021-02-08T02:45:42+00:00"
        },
        {
            "name": "workerman/http-client",
            "version": "v0.1.7",
            "source": {
                "type": "git",
                "url": "https://github.com/walkor/http-client.git",
                "reference": "f4a4365c44a2837035f290c593b26343a6058ba1"
            },
            "dist": {
                "type": "zip",
                "url": "https://api.github.com/repos/walkor/http-client/zipball/f4a4365c44a2837035f290c593b26343a6058ba1",
                "reference": "f4a4365c44a2837035f290c593b26343a6058ba1",
                "shasum": "",
                "mirrors": [
                    {
                        "url": "https://mirrors.aliyun.com/composer/dists/%package%/%reference%.%type%",
                        "preferred": true
                    }
                ]
            },
            "require": {
                "workerman/psr7": ">=1.4.3",
                "workerman/workerman": ">=3.5.0"
            },
            "type": "library",
            "autoload": {
                "psr-4": {
                    "Workerman\\Http\\": "./src"
                }
            },
            "notification-url": "https://packagist.org/downloads/",
            "license": [
                "MIT"
            ],
            "homepage": "http://www.workerman.net",
            "support": {
                "issues": "https://github.com/walkor/http-client/issues",
                "source": "https://github.com/walkor/http-client/tree/v0.1.7"
            },
            "time": "2020-11-24T01:44:51+00:00"
        },
        {
            "name": "workerman/phpsocket.io",
            "version": "v1.1.14",
            "source": {
                "type": "git",
                "url": "https://github.com/walkor/phpsocket.io.git",
                "reference": "a5758da4d55b4744a4cc9c956816d88ce385601e"
            },
            "dist": {
                "type": "zip",
                "url": "https://api.github.com/repos/walkor/phpsocket.io/zipball/a5758da4d55b4744a4cc9c956816d88ce385601e",
                "reference": "a5758da4d55b4744a4cc9c956816d88ce385601e",
                "shasum": "",
                "mirrors": [
                    {
                        "url": "https://mirrors.aliyun.com/composer/dists/%package%/%reference%.%type%",
                        "preferred": true
                    }
                ]
            },
            "require": {
                "workerman/channel": ">=1.0.0",
                "workerman/workerman": ">=3.5.16"
            },
            "type": "library",
            "autoload": {
                "psr-4": {
                    "PHPSocketIO\\": "./src"
                }
            },
            "notification-url": "https://packagist.org/downloads/",
            "license": [
                "MIT"
            ],
            "homepage": "http://www.workerman.net",
            "keywords": [
                "Socket.io"
            ],
            "support": {
                "issues": "https://github.com/walkor/phpsocket.io/issues",
                "source": "https://github.com/walkor/phpsocket.io/tree/v1.1.14"
            },
            "funding": [
                {
                    "url": "https://opencollective.com/walkor",
                    "type": "open_collective"
                },
                {
                    "url": "https://www.patreon.com/walkor",
                    "type": "patreon"
                }
            ],
            "time": "2022-02-24T03:33:45+00:00"
        },
        {
            "name": "workerman/psr7",
            "version": "v1.4.4",
            "source": {
                "type": "git",
                "url": "https://github.com/walkor/psr7.git",
                "reference": "8f163224ed5bb93fb210da9211651fcd88acb97b"
            },
            "dist": {
                "type": "zip",
                "url": "https://api.github.com/repos/walkor/psr7/zipball/8f163224ed5bb93fb210da9211651fcd88acb97b",
                "reference": "8f163224ed5bb93fb210da9211651fcd88acb97b",
                "shasum": "",
                "mirrors": [
                    {
                        "url": "https://mirrors.aliyun.com/composer/dists/%package%/%reference%.%type%",
                        "preferred": true
                    }
                ]
            },
            "require": {
                "php": ">=5.4.0",
                "psr/http-message": "~1.0"
            },
            "provide": {
                "psr/http-message-implementation": "1.0"
            },
            "require-dev": {
                "phpunit/phpunit": "~4.0"
            },
            "type": "library",
            "extra": {
                "branch-alias": {
                    "dev-master": "1.5-dev"
                }
            },
            "autoload": {
                "files": [
                    "src/functions_include.php"
                ],
                "psr-4": {
                    "Workerman\\Psr7\\": "src/"
                }
            },
            "notification-url": "https://packagist.org/downloads/",
            "license": [
                "MIT"
            ],
            "authors": [
                {
                    "name": "Michael Dowling",
                    "email": "mtdowling@gmail.com",
                    "homepage": "https://github.com/mtdowling"
                },
                {
                    "name": "Tobias Schultze",
                    "homepage": "https://github.com/Tobion"
                }
            ],
            "description": "PSR-7 message implementation that also provides common utility methods",
            "keywords": [
                "http",
                "message",
                "request",
                "response",
                "stream",
                "uri",
                "url"
            ],
            "support": {
                "source": "https://github.com/walkor/psr7/tree/v1.4.4"
            },
            "time": "2020-08-31T09:54:31+00:00"
        },
        {
            "name": "workerman/workerman",
            "version": "v4.0.37",
            "source": {
                "type": "git",
                "url": "https://github.com/walkor/workerman.git",
                "reference": "17937eb74526adc583a0217ba842e91d6d792576"
            },
            "dist": {
                "type": "zip",
                "url": "https://api.github.com/repos/walkor/workerman/zipball/17937eb74526adc583a0217ba842e91d6d792576",
                "reference": "17937eb74526adc583a0217ba842e91d6d792576",
                "shasum": "",
                "mirrors": [
                    {
                        "url": "https://mirrors.aliyun.com/composer/dists/%package%/%reference%.%type%",
                        "preferred": true
                    }
                ]
            },
            "require": {
                "php": ">=5.4"
            },
            "suggest": {
                "ext-event": "For better performance. "
            },
            "type": "library",
            "autoload": {
                "psr-4": {
                    "Workerman\\": "./"
                }
            },
            "notification-url": "https://packagist.org/downloads/",
            "license": [
                "MIT"
            ],
            "authors": [
                {
                    "name": "walkor",
                    "email": "walkor@workerman.net",
                    "homepage": "http://www.workerman.net",
                    "role": "Developer"
                }
            ],
            "description": "An asynchronous event driven PHP framework for easily building fast, scalable network applications.",
            "homepage": "http://www.workerman.net",
            "keywords": [
                "asynchronous",
                "event-loop"
            ],
            "support": {
                "email": "walkor@workerman.net",
                "forum": "http://wenda.workerman.net/",
                "issues": "https://github.com/walkor/workerman/issues",
                "source": "https://github.com/walkor/workerman",
                "wiki": "http://doc.workerman.net/"
            },
            "funding": [
                {
                    "url": "https://opencollective.com/workerman",
                    "type": "open_collective"
                },
                {
                    "url": "https://www.patreon.com/walkor",
                    "type": "patreon"
                }
            ],
            "time": "2022-05-15T14:22:57+00:00"
        }
    ],
    "packages-dev": [],
    "aliases": [],
    "minimum-stability": "stable",
    "stability-flags": [],
    "prefer-stable": false,
    "prefer-lowest": false,
    "platform": {
        "php": ">=7.2",
        "ext-json": "*",
        "ext-curl": "*"
    },
    "platform-dev": [],
    "plugin-api-version": "2.1.0"
}
